
Microsoft Visual Studio Solution File, Format Version 12.00
# Visual Studio 2012
Project("{8BC9CEB8-8B4A-11D0-8D11-00A0C91BC942}") = "6_虚基类", "6_虚基类\6_虚基类.vcxproj", "{010F69FB-0209-4C04-BBB8-BF34D5534C86}"
EndProject
Global
	GlobalSection(SolutionConfigurationPlatforms) = preSolution
		Debug|Win32 = Debug|Win32
		Release|Win32 = Release|Win32
	EndGlobalSection
	GlobalSection(ProjectConfigurationPlatforms) = postSolution
		{010F69FB-0209-4C04-BBB8-BF34D5534C86}.Debug|Win32.ActiveCfg = Debug|Win32
		{010F69FB-0209-4C04-BBB8-BF34D5534C86}.Debug|Win32.Build.0 = Debug|Win32
		{010F69FB-0209-4C04-BBB8-BF34D5534C86}.Release|Win32.ActiveCfg = Release|Win32
		{010F69FB-0209-4C04-BBB8-BF34D5534C86}.Release|Win32.Build.0 = Release|Win32
	EndGlobalSection
	GlobalSection(SolutionProperties) = preSolution
		HideSolutionNode = FALSE
	EndGlobalSection
EndGlobal
