
Microsoft Visual Studio Solution File, Format Version 12.00
# Visual Studio 2012
Project("{8BC9CEB8-8B4A-11D0-8D11-00A0C91BC942}") = "进化版7则运算", "进化版7则运算\进化版7则运算.vcxproj", "{91DC9C27-D52D-43C4-A248-1F2B43E83340}"
EndProject
Global
	GlobalSection(SolutionConfigurationPlatforms) = preSolution
		Debug|Win32 = Debug|Win32
		Release|Win32 = Release|Win32
	EndGlobalSection
	GlobalSection(ProjectConfigurationPlatforms) = postSolution
		{91DC9C27-D52D-43C4-A248-1F2B43E83340}.Debug|Win32.ActiveCfg = Debug|Win32
		{91DC9C27-D52D-43C4-A248-1F2B43E83340}.Debug|Win32.Build.0 = Debug|Win32
		{91DC9C27-D52D-43C4-A248-1F2B43E83340}.Release|Win32.ActiveCfg = Release|Win32
		{91DC9C27-D52D-43C4-A248-1F2B43E83340}.Release|Win32.Build.0 = Release|Win32
	EndGlobalSection
	GlobalSection(SolutionProperties) = preSolution
		HideSolutionNode = FALSE
	EndGlobalSection
EndGlobal
